%{
  "ham": {:hex, :ham, "0.3.0", "7cd031b4a55fba219c11553e7b13ba73bd86eab4034518445eff1e038cb9a44d", [:mix], [], "hexpm", "7d6c6b73d7a6a83233876cc1b06a4d9b5de05562b228effda4532f9a49852bf6"},
  "mimic": {:hex, :mimic, "1.12.0", "34c9d1fb8e756df09ca5f96861d273f2bb01063df1a6a51a4c101f9ad7f07a9c", [:mix], [{:ham, "~> 0.2", [hex: :ham, repo: "hexpm", optional: false]}], "hexpm", "eaa43d495d6f3bc8099b28886e05a1b09a2a6be083f6385c3abc17599e5e2c43"},
  "nimble_parsec": {:hex, :nimble_parsec, "1.4.2", "8efba0122db06df95bfaa78f791344a89352ba04baedd3849593bfce4d0dc1c6", [:mix], [], "hexpm", "4b21398942dda052b403bbe1da991ccd03a053668d147d53fb8c4e0efe09c973"},
  "solid": {:hex, :solid, "0.18.0", "6b20770ab046b0f202bae7454f84013392a93000c719383306eac7514400de7e", [:mix], [{:nimble_parsec, "~> 1.0", [hex: :nimble_parsec, repo: "hexpm", optional: false]}], "hexpm", "7704681c11c880308fe1337acf7690083f884076b612d38b7dccb5a1bd016068"},
}
